
Microsoft Visual Studio Solution File, Format Version 12.00
# Visual Studio 15
VisualStudioVersion = 15.0.28307.1062
MinimumVisualStudioVersion = 10.0.40219.1
Project("{159641D6-6404-4A2A-AE62-294DE0FE8301}") = "tweetsOLAPing_loading", "tweetsOLAPing_loading\tweetsOLAPing_loading.dtproj", "{7F637954-2135-4A70-9BF1-47493765B631}"
EndProject
Global
	GlobalSection(SolutionConfigurationPlatforms) = preSolution
		Development|Default = Development|Default
	EndGlobalSection
	GlobalSection(ProjectConfigurationPlatforms) = postSolution
		{7F637954-2135-4A70-9BF1-47493765B631}.Development|Default.ActiveCfg = Development
		{7F637954-2135-4A70-9BF1-47493765B631}.Development|Default.Build.0 = Development
	EndGlobalSection
	GlobalSection(SolutionProperties) = preSolution
		HideSolutionNode = FALSE
	EndGlobalSection
	GlobalSection(ExtensibilityGlobals) = postSolution
		SolutionGuid = {98AF2851-1402-4B5F-A697-3C2B9ED144B6}
	EndGlobalSection
EndGlobal
